
Microsoft Visual Studio Solution File, Format Version 12.00
# Visual Studio Version 17
VisualStudioVersion = 17.1.32319.34
MinimumVisualStudioVersion = 10.0.40219.1
Project("{FAE04EC0-301F-11D3-BF4B-00C04F79EFBC}") = "PooProject", "PooProject\PooProject.csproj", "{AD802A67-D046-42CE-BCE6-1170E5C04A92}"
EndProject
Global
	GlobalSection(SolutionConfigurationPlatforms) = preSolution
		Debug|Any CPU = Debug|Any CPU
		Release|Any CPU = Release|Any CPU
	EndGlobalSection
	GlobalSection(ProjectConfigurationPlatforms) = postSolution
		{AD802A67-D046-42CE-BCE6-1170E5C04A92}.Debug|Any CPU.ActiveCfg = Debug|Any CPU
		{AD802A67-D046-42CE-BCE6-1170E5C04A92}.Debug|Any CPU.Build.0 = Debug|Any CPU
		{AD802A67-D046-42CE-BCE6-1170E5C04A92}.Release|Any CPU.ActiveCfg = Release|Any CPU
		{AD802A67-D046-42CE-BCE6-1170E5C04A92}.Release|Any CPU.Build.0 = Release|Any CPU
	EndGlobalSection
	GlobalSection(SolutionProperties) = preSolution
		HideSolutionNode = FALSE
	EndGlobalSection
	GlobalSection(ExtensibilityGlobals) = postSolution
		SolutionGuid = {D06E5FE4-1408-4069-8558-5E5C5CE5D59E}
	EndGlobalSection
EndGlobal
